
Microsoft Visual Studio Solution File, Format Version 12.00
# Visual Studio Version 16
VisualStudioVersion = 16.0.31410.357
MinimumVisualStudioVersion = 10.0.40219.1
Project("{FAE04EC0-301F-11D3-BF4B-00C04F79EFBC}") = "RRCAGDamonBaker", "RRCAGDamonBaker\RRCAGDamonBaker.csproj", "{A93BA45B-E987-45B3-B1D3-33EC7815ED59}"
EndProject
Global
	GlobalSection(SolutionConfigurationPlatforms) = preSolution
		Debug|Any CPU = Debug|Any CPU
		Release|Any CPU = Release|Any CPU
	EndGlobalSection
	GlobalSection(ProjectConfigurationPlatforms) = postSolution
		{A93BA45B-E987-45B3-B1D3-33EC7815ED59}.Debug|Any CPU.ActiveCfg = Debug|Any CPU
		{A93BA45B-E987-45B3-B1D3-33EC7815ED59}.Debug|Any CPU.Build.0 = Debug|Any CPU
		{A93BA45B-E987-45B3-B1D3-33EC7815ED59}.Release|Any CPU.ActiveCfg = Release|Any CPU
		{A93BA45B-E987-45B3-B1D3-33EC7815ED59}.Release|Any CPU.Build.0 = Release|Any CPU
	EndGlobalSection
	GlobalSection(SolutionProperties) = preSolution
		HideSolutionNode = FALSE
	EndGlobalSection
	GlobalSection(ExtensibilityGlobals) = postSolution
		SolutionGuid = {5E2A4533-CD69-41A4-9440-E3D12D673E90}
	EndGlobalSection
EndGlobal
